
Microsoft Visual Studio Solution File, Format Version 12.00
# Visual Studio Version 17
VisualStudioVersion = 17.8.34309.116
MinimumVisualStudioVersion = 10.0.40219.1
Project("{FAE04EC0-301F-11D3-BF4B-00C04F79EFBC}") = "CSProjects_Part01", "CSProjects_Part01\CSProjects_Part01.csproj", "{EF8E9F9F-DA77-44F5-8E24-B06293C26D99}"
EndProject
Project("{FAE04EC0-301F-11D3-BF4B-00C04F79EFBC}") = "CSProjects_Part02", "CSProjects_Part02\CSProjects_Part02.csproj", "{22A4200D-63A4-421A-B233-5DE6F9C6C766}"
EndProject
Global
	GlobalSection(SolutionConfigurationPlatforms) = preSolution
		Debug|Any CPU = Debug|Any CPU
		Release|Any CPU = Release|Any CPU
	EndGlobalSection
	GlobalSection(ProjectConfigurationPlatforms) = postSolution
		{EF8E9F9F-DA77-44F5-8E24-B06293C26D99}.Debug|Any CPU.ActiveCfg = Debug|Any CPU
		{EF8E9F9F-DA77-44F5-8E24-B06293C26D99}.Debug|Any CPU.Build.0 = Debug|Any CPU
		{EF8E9F9F-DA77-44F5-8E24-B06293C26D99}.Release|Any CPU.ActiveCfg = Release|Any CPU
		{EF8E9F9F-DA77-44F5-8E24-B06293C26D99}.Release|Any CPU.Build.0 = Release|Any CPU
		{22A4200D-63A4-421A-B233-5DE6F9C6C766}.Debug|Any CPU.ActiveCfg = Debug|Any CPU
		{22A4200D-63A4-421A-B233-5DE6F9C6C766}.Debug|Any CPU.Build.0 = Debug|Any CPU
		{22A4200D-63A4-421A-B233-5DE6F9C6C766}.Release|Any CPU.ActiveCfg = Release|Any CPU
		{22A4200D-63A4-421A-B233-5DE6F9C6C766}.Release|Any CPU.Build.0 = Release|Any CPU
	EndGlobalSection
	GlobalSection(SolutionProperties) = preSolution
		HideSolutionNode = FALSE
	EndGlobalSection
	GlobalSection(ExtensibilityGlobals) = postSolution
		SolutionGuid = {781D33E4-D617-40EC-B6E3-EEBEADB3640D}
	EndGlobalSection
EndGlobal
