
Microsoft Visual Studio Solution File, Format Version 12.00
# Visual Studio Version 17
VisualStudioVersion = 17.8.34309.116
MinimumVisualStudioVersion = 10.0.40219.1
Project("{FAE04EC0-301F-11D3-BF4B-00C04F79EFBC}") = "CSProjects_Part01", "CSProjects_Part01\CSProjects_Part01.csproj", "{EF8E9F9F-DA77-44F5-8E24-B06293C26D99}"
EndProject
Project("{FAE04EC0-301F-11D3-BF4B-00C04F79EFBC}") = "CSProjects_Part02", "CSProjects_Part02\CSProjects_Part02.csproj", "{22A4200D-63A4-421A-B233-5DE6F9C6C766}"
EndProject
Project("{FAE04EC0-301F-11D3-BF4B-00C04F79EFBC}") = "SeparatorPractice", "SeparatorPractice\SeparatorPractice.csproj", "{EE35EC74-3E1C-4D5E-97C1-DDDBD962AC29}"
EndProject
Project("{2150E333-8FDC-42A3-9474-1A3956D46DE8}") = "Common", "Common", "{51511062-96AA-4B05-A054-BBCE0FF86D74}"
EndProject
Project("{FAE04EC0-301F-11D3-BF4B-00C04F79EFBC}") = "YasTools", "Common\YasTools\YasTools.csproj", "{0ABF12B1-EF2C-4DE9-8BB3-FD9A257822EC}"
EndProject
Project("{FAE04EC0-301F-11D3-BF4B-00C04F79EFBC}") = "CSProjects_Part03", "CSProjects_Part03\CSProjects_Part03.csproj", "{B03F054A-A0CD-4AB6-BBE4-48185CAD87F1}"
EndProject
Project("{FAE04EC0-301F-11D3-BF4B-00C04F79EFBC}") = "CSProjects_Part04", "CSProjects_Part04\CSProjects_Part04.csproj", "{0DF9CF2C-0844-45EA-9146-17B8F440EDB2}"
EndProject
Project("{FAE04EC0-301F-11D3-BF4B-00C04F79EFBC}") = "CSProjects_WinApp", "CSProjects_WinApp\CSProjects_WinApp.csproj", "{96D428EF-CF1D-4B7F-911D-3E81142B08A1}"
EndProject
Project("{FAE04EC0-301F-11D3-BF4B-00C04F79EFBC}") = "AbbreviationShowName", "AbbreviationShowName\AbbreviationShowName.csproj", "{6C169E30-7167-45DE-8859-5FCFE801719D}"
EndProject
Project("{FAE04EC0-301F-11D3-BF4B-00C04F79EFBC}") = "CSProjects_Part05", "CSProjects_Part05\CSProjects_Part05.csproj", "{8B8E8E32-3AF6-48A5-A1C1-FDD1A8A69963}"
EndProject
Project("{FAE04EC0-301F-11D3-BF4B-00C04F79EFBC}") = "CSProjects_Part06", "CSProjects_Part06\CSProjects_Part06.csproj", "{792253C7-FEC2-4BA4-AB5F-A644DBD82C01}"
EndProject
Project("{FAE04EC0-301F-11D3-BF4B-00C04F79EFBC}") = "CSProjects_Part07", "CSProjects_Part07\CSProjects_Part07.csproj", "{E99785DB-17AF-4756-8231-852DA1F02270}"
EndProject
Project("{FAE04EC0-301F-11D3-BF4B-00C04F79EFBC}") = "CSProjects_Part08", "CSProjects_Part08\CSProjects_Part08.csproj", "{AA782C28-1214-4EE0-8876-B5F92A7BF302}"
EndProject
Project("{FAE04EC0-301F-11D3-BF4B-00C04F79EFBC}") = "CSProjects_Part09", "CSProjects_Part09\CSProjects_Part09.csproj", "{15B10349-2F16-4895-9199-907D871D7C5F}"
EndProject
Project("{FAE04EC0-301F-11D3-BF4B-00C04F79EFBC}") = "DirectoryFiles_CompletedTask", "DirectoryFiles_CompletedTask\DirectoryFiles_CompletedTask.csproj", "{7479EED6-1138-4D87-AB45-8A46B2118DE0}"
EndProject
Project("{9A19103F-16F7-4668-BE54-9A1E7A4F7556}") = "SRT_IO_Practice", "SRT_IO_Practice\SRT_IO_Practice.csproj", "{98DB1C82-BDA4-4BAC-BB3F-6E1A48D0D9BB}"
EndProject
Project("{FAE04EC0-301F-11D3-BF4B-00C04F79EFBC}") = "Deconstructors_Practice", "Deconstructors_Practice\Deconstructors_Practice.csproj", "{CB0FBC84-3142-43EA-9205-2E77A077DE7D}"
EndProject
Project("{FAE04EC0-301F-11D3-BF4B-00C04F79EFBC}") = "Log_IO", "Log_IO\Log_IO.csproj", "{D06E0376-59AA-4C28-9BFA-056C27AFAC4F}"
EndProject
Global
	GlobalSection(SolutionConfigurationPlatforms) = preSolution
		Debug|Any CPU = Debug|Any CPU
		Release|Any CPU = Release|Any CPU
	EndGlobalSection
	GlobalSection(ProjectConfigurationPlatforms) = postSolution
		{EF8E9F9F-DA77-44F5-8E24-B06293C26D99}.Debug|Any CPU.ActiveCfg = Debug|Any CPU
		{EF8E9F9F-DA77-44F5-8E24-B06293C26D99}.Debug|Any CPU.Build.0 = Debug|Any CPU
		{EF8E9F9F-DA77-44F5-8E24-B06293C26D99}.Release|Any CPU.ActiveCfg = Release|Any CPU
		{EF8E9F9F-DA77-44F5-8E24-B06293C26D99}.Release|Any CPU.Build.0 = Release|Any CPU
		{22A4200D-63A4-421A-B233-5DE6F9C6C766}.Debug|Any CPU.ActiveCfg = Debug|Any CPU
		{22A4200D-63A4-421A-B233-5DE6F9C6C766}.Debug|Any CPU.Build.0 = Debug|Any CPU
		{22A4200D-63A4-421A-B233-5DE6F9C6C766}.Release|Any CPU.ActiveCfg = Release|Any CPU
		{22A4200D-63A4-421A-B233-5DE6F9C6C766}.Release|Any CPU.Build.0 = Release|Any CPU
		{EE35EC74-3E1C-4D5E-97C1-DDDBD962AC29}.Debug|Any CPU.ActiveCfg = Debug|Any CPU
		{EE35EC74-3E1C-4D5E-97C1-DDDBD962AC29}.Debug|Any CPU.Build.0 = Debug|Any CPU
		{EE35EC74-3E1C-4D5E-97C1-DDDBD962AC29}.Release|Any CPU.ActiveCfg = Release|Any CPU
		{EE35EC74-3E1C-4D5E-97C1-DDDBD962AC29}.Release|Any CPU.Build.0 = Release|Any CPU
		{0ABF12B1-EF2C-4DE9-8BB3-FD9A257822EC}.Debug|Any CPU.ActiveCfg = Debug|Any CPU
		{0ABF12B1-EF2C-4DE9-8BB3-FD9A257822EC}.Debug|Any CPU.Build.0 = Debug|Any CPU
		{0ABF12B1-EF2C-4DE9-8BB3-FD9A257822EC}.Release|Any CPU.ActiveCfg = Release|Any CPU
		{0ABF12B1-EF2C-4DE9-8BB3-FD9A257822EC}.Release|Any CPU.Build.0 = Release|Any CPU
		{B03F054A-A0CD-4AB6-BBE4-48185CAD87F1}.Debug|Any CPU.ActiveCfg = Debug|Any CPU
		{B03F054A-A0CD-4AB6-BBE4-48185CAD87F1}.Debug|Any CPU.Build.0 = Debug|Any CPU
		{B03F054A-A0CD-4AB6-BBE4-48185CAD87F1}.Release|Any CPU.ActiveCfg = Release|Any CPU
		{B03F054A-A0CD-4AB6-BBE4-48185CAD87F1}.Release|Any CPU.Build.0 = Release|Any CPU
		{0DF9CF2C-0844-45EA-9146-17B8F440EDB2}.Debug|Any CPU.ActiveCfg = Debug|Any CPU
		{0DF9CF2C-0844-45EA-9146-17B8F440EDB2}.Debug|Any CPU.Build.0 = Debug|Any CPU
		{0DF9CF2C-0844-45EA-9146-17B8F440EDB2}.Release|Any CPU.ActiveCfg = Release|Any CPU
		{0DF9CF2C-0844-45EA-9146-17B8F440EDB2}.Release|Any CPU.Build.0 = Release|Any CPU
		{96D428EF-CF1D-4B7F-911D-3E81142B08A1}.Debug|Any CPU.ActiveCfg = Debug|Any CPU
		{96D428EF-CF1D-4B7F-911D-3E81142B08A1}.Debug|Any CPU.Build.0 = Debug|Any CPU
		{96D428EF-CF1D-4B7F-911D-3E81142B08A1}.Release|Any CPU.ActiveCfg = Release|Any CPU
		{96D428EF-CF1D-4B7F-911D-3E81142B08A1}.Release|Any CPU.Build.0 = Release|Any CPU
		{6C169E30-7167-45DE-8859-5FCFE801719D}.Debug|Any CPU.ActiveCfg = Debug|Any CPU
		{6C169E30-7167-45DE-8859-5FCFE801719D}.Debug|Any CPU.Build.0 = Debug|Any CPU
		{6C169E30-7167-45DE-8859-5FCFE801719D}.Release|Any CPU.ActiveCfg = Release|Any CPU
		{6C169E30-7167-45DE-8859-5FCFE801719D}.Release|Any CPU.Build.0 = Release|Any CPU
		{8B8E8E32-3AF6-48A5-A1C1-FDD1A8A69963}.Debug|Any CPU.ActiveCfg = Debug|Any CPU
		{8B8E8E32-3AF6-48A5-A1C1-FDD1A8A69963}.Debug|Any CPU.Build.0 = Debug|Any CPU
		{8B8E8E32-3AF6-48A5-A1C1-FDD1A8A69963}.Release|Any CPU.ActiveCfg = Release|Any CPU
		{8B8E8E32-3AF6-48A5-A1C1-FDD1A8A69963}.Release|Any CPU.Build.0 = Release|Any CPU
		{792253C7-FEC2-4BA4-AB5F-A644DBD82C01}.Debug|Any CPU.ActiveCfg = Debug|Any CPU
		{792253C7-FEC2-4BA4-AB5F-A644DBD82C01}.Debug|Any CPU.Build.0 = Debug|Any CPU
		{792253C7-FEC2-4BA4-AB5F-A644DBD82C01}.Release|Any CPU.ActiveCfg = Release|Any CPU
		{792253C7-FEC2-4BA4-AB5F-A644DBD82C01}.Release|Any CPU.Build.0 = Release|Any CPU
		{E99785DB-17AF-4756-8231-852DA1F02270}.Debug|Any CPU.ActiveCfg = Debug|Any CPU
		{E99785DB-17AF-4756-8231-852DA1F02270}.Debug|Any CPU.Build.0 = Debug|Any CPU
		{E99785DB-17AF-4756-8231-852DA1F02270}.Release|Any CPU.ActiveCfg = Release|Any CPU
		{E99785DB-17AF-4756-8231-852DA1F02270}.Release|Any CPU.Build.0 = Release|Any CPU
		{AA782C28-1214-4EE0-8876-B5F92A7BF302}.Debug|Any CPU.ActiveCfg = Debug|Any CPU
		{AA782C28-1214-4EE0-8876-B5F92A7BF302}.Debug|Any CPU.Build.0 = Debug|Any CPU
		{AA782C28-1214-4EE0-8876-B5F92A7BF302}.Release|Any CPU.ActiveCfg = Release|Any CPU
		{AA782C28-1214-4EE0-8876-B5F92A7BF302}.Release|Any CPU.Build.0 = Release|Any CPU
		{15B10349-2F16-4895-9199-907D871D7C5F}.Debug|Any CPU.ActiveCfg = Debug|Any CPU
		{15B10349-2F16-4895-9199-907D871D7C5F}.Debug|Any CPU.Build.0 = Debug|Any CPU
		{15B10349-2F16-4895-9199-907D871D7C5F}.Release|Any CPU.ActiveCfg = Release|Any CPU
		{15B10349-2F16-4895-9199-907D871D7C5F}.Release|Any CPU.Build.0 = Release|Any CPU
		{7479EED6-1138-4D87-AB45-8A46B2118DE0}.Debug|Any CPU.ActiveCfg = Debug|Any CPU
		{7479EED6-1138-4D87-AB45-8A46B2118DE0}.Debug|Any CPU.Build.0 = Debug|Any CPU
		{7479EED6-1138-4D87-AB45-8A46B2118DE0}.Release|Any CPU.ActiveCfg = Release|Any CPU
		{7479EED6-1138-4D87-AB45-8A46B2118DE0}.Release|Any CPU.Build.0 = Release|Any CPU
		{98DB1C82-BDA4-4BAC-BB3F-6E1A48D0D9BB}.Debug|Any CPU.ActiveCfg = Debug|Any CPU
		{98DB1C82-BDA4-4BAC-BB3F-6E1A48D0D9BB}.Debug|Any CPU.Build.0 = Debug|Any CPU
		{98DB1C82-BDA4-4BAC-BB3F-6E1A48D0D9BB}.Release|Any CPU.ActiveCfg = Release|Any CPU
		{98DB1C82-BDA4-4BAC-BB3F-6E1A48D0D9BB}.Release|Any CPU.Build.0 = Release|Any CPU
		{CB0FBC84-3142-43EA-9205-2E77A077DE7D}.Debug|Any CPU.ActiveCfg = Debug|Any CPU
		{CB0FBC84-3142-43EA-9205-2E77A077DE7D}.Debug|Any CPU.Build.0 = Debug|Any CPU
		{CB0FBC84-3142-43EA-9205-2E77A077DE7D}.Release|Any CPU.ActiveCfg = Release|Any CPU
		{CB0FBC84-3142-43EA-9205-2E77A077DE7D}.Release|Any CPU.Build.0 = Release|Any CPU
		{D06E0376-59AA-4C28-9BFA-056C27AFAC4F}.Debug|Any CPU.ActiveCfg = Debug|Any CPU
		{D06E0376-59AA-4C28-9BFA-056C27AFAC4F}.Debug|Any CPU.Build.0 = Debug|Any CPU
		{D06E0376-59AA-4C28-9BFA-056C27AFAC4F}.Release|Any CPU.ActiveCfg = Release|Any CPU
		{D06E0376-59AA-4C28-9BFA-056C27AFAC4F}.Release|Any CPU.Build.0 = Release|Any CPU
	EndGlobalSection
	GlobalSection(SolutionProperties) = preSolution
		HideSolutionNode = FALSE
	EndGlobalSection
	GlobalSection(NestedProjects) = preSolution
		{0ABF12B1-EF2C-4DE9-8BB3-FD9A257822EC} = {51511062-96AA-4B05-A054-BBCE0FF86D74}
	EndGlobalSection
	GlobalSection(ExtensibilityGlobals) = postSolution
		SolutionGuid = {781D33E4-D617-40EC-B6E3-EEBEADB3640D}
	EndGlobalSection
EndGlobal
