
Microsoft Visual Studio Solution File, Format Version 12.00
# Visual Studio Version 17
VisualStudioVersion = 17.8.34309.116
MinimumVisualStudioVersion = 10.0.40219.1
Project("{FAE04EC0-301F-11D3-BF4B-00C04F79EFBC}") = "CSProjects_Part01", "CSProjects_Part01\CSProjects_Part01.csproj", "{EF8E9F9F-DA77-44F5-8E24-B06293C26D99}"
EndProject
Project("{FAE04EC0-301F-11D3-BF4B-00C04F79EFBC}") = "CSProjects_Part02", "CSProjects_Part02\CSProjects_Part02.csproj", "{22A4200D-63A4-421A-B233-5DE6F9C6C766}"
EndProject
Project("{FAE04EC0-301F-11D3-BF4B-00C04F79EFBC}") = "SeparatorPractice", "SeparatorPractice\SeparatorPractice.csproj", "{EE35EC74-3E1C-4D5E-97C1-DDDBD962AC29}"
EndProject
Project("{2150E333-8FDC-42A3-9474-1A3956D46DE8}") = "Common", "Common", "{51511062-96AA-4B05-A054-BBCE0FF86D74}"
EndProject
Project("{FAE04EC0-301F-11D3-BF4B-00C04F79EFBC}") = "YasTools", "Common\YasTools\YasTools.csproj", "{0ABF12B1-EF2C-4DE9-8BB3-FD9A257822EC}"
EndProject
Project("{FAE04EC0-301F-11D3-BF4B-00C04F79EFBC}") = "CSProjects_Part03", "CSProjects_Part03\CSProjects_Part03.csproj", "{B03F054A-A0CD-4AB6-BBE4-48185CAD87F1}"
EndProject
Project("{FAE04EC0-301F-11D3-BF4B-00C04F79EFBC}") = "DirectoryFile", "DirectoryFile\DirectoryFile.csproj", "{B3EA14A0-4890-48BA-81E7-CC737EF3BA9A}"
EndProject
Project("{FAE04EC0-301F-11D3-BF4B-00C04F79EFBC}") = "CSProjects_Part04", "CSProjects_Part04\CSProjects_Part04.csproj", "{0DF9CF2C-0844-45EA-9146-17B8F440EDB2}"
EndProject
Project("{FAE04EC0-301F-11D3-BF4B-00C04F79EFBC}") = "CSProjects_WinApp", "CSProjects_WinApp\CSProjects_WinApp.csproj", "{96D428EF-CF1D-4B7F-911D-3E81142B08A1}"
EndProject
Global
	GlobalSection(SolutionConfigurationPlatforms) = preSolution
		Debug|Any CPU = Debug|Any CPU
		Release|Any CPU = Release|Any CPU
	EndGlobalSection
	GlobalSection(ProjectConfigurationPlatforms) = postSolution
		{EF8E9F9F-DA77-44F5-8E24-B06293C26D99}.Debug|Any CPU.ActiveCfg = Debug|Any CPU
		{EF8E9F9F-DA77-44F5-8E24-B06293C26D99}.Debug|Any CPU.Build.0 = Debug|Any CPU
		{EF8E9F9F-DA77-44F5-8E24-B06293C26D99}.Release|Any CPU.ActiveCfg = Release|Any CPU
		{EF8E9F9F-DA77-44F5-8E24-B06293C26D99}.Release|Any CPU.Build.0 = Release|Any CPU
		{22A4200D-63A4-421A-B233-5DE6F9C6C766}.Debug|Any CPU.ActiveCfg = Debug|Any CPU
		{22A4200D-63A4-421A-B233-5DE6F9C6C766}.Debug|Any CPU.Build.0 = Debug|Any CPU
		{22A4200D-63A4-421A-B233-5DE6F9C6C766}.Release|Any CPU.ActiveCfg = Release|Any CPU
		{22A4200D-63A4-421A-B233-5DE6F9C6C766}.Release|Any CPU.Build.0 = Release|Any CPU
		{EE35EC74-3E1C-4D5E-97C1-DDDBD962AC29}.Debug|Any CPU.ActiveCfg = Debug|Any CPU
		{EE35EC74-3E1C-4D5E-97C1-DDDBD962AC29}.Debug|Any CPU.Build.0 = Debug|Any CPU
		{EE35EC74-3E1C-4D5E-97C1-DDDBD962AC29}.Release|Any CPU.ActiveCfg = Release|Any CPU
		{EE35EC74-3E1C-4D5E-97C1-DDDBD962AC29}.Release|Any CPU.Build.0 = Release|Any CPU
		{0ABF12B1-EF2C-4DE9-8BB3-FD9A257822EC}.Debug|Any CPU.ActiveCfg = Debug|Any CPU
		{0ABF12B1-EF2C-4DE9-8BB3-FD9A257822EC}.Debug|Any CPU.Build.0 = Debug|Any CPU
		{0ABF12B1-EF2C-4DE9-8BB3-FD9A257822EC}.Release|Any CPU.ActiveCfg = Release|Any CPU
		{0ABF12B1-EF2C-4DE9-8BB3-FD9A257822EC}.Release|Any CPU.Build.0 = Release|Any CPU
		{B03F054A-A0CD-4AB6-BBE4-48185CAD87F1}.Debug|Any CPU.ActiveCfg = Debug|Any CPU
		{B03F054A-A0CD-4AB6-BBE4-48185CAD87F1}.Debug|Any CPU.Build.0 = Debug|Any CPU
		{B03F054A-A0CD-4AB6-BBE4-48185CAD87F1}.Release|Any CPU.ActiveCfg = Release|Any CPU
		{B03F054A-A0CD-4AB6-BBE4-48185CAD87F1}.Release|Any CPU.Build.0 = Release|Any CPU
		{B3EA14A0-4890-48BA-81E7-CC737EF3BA9A}.Debug|Any CPU.ActiveCfg = Debug|Any CPU
		{B3EA14A0-4890-48BA-81E7-CC737EF3BA9A}.Debug|Any CPU.Build.0 = Debug|Any CPU
		{B3EA14A0-4890-48BA-81E7-CC737EF3BA9A}.Release|Any CPU.ActiveCfg = Release|Any CPU
		{B3EA14A0-4890-48BA-81E7-CC737EF3BA9A}.Release|Any CPU.Build.0 = Release|Any CPU
		{0DF9CF2C-0844-45EA-9146-17B8F440EDB2}.Debug|Any CPU.ActiveCfg = Debug|Any CPU
		{0DF9CF2C-0844-45EA-9146-17B8F440EDB2}.Debug|Any CPU.Build.0 = Debug|Any CPU
		{0DF9CF2C-0844-45EA-9146-17B8F440EDB2}.Release|Any CPU.ActiveCfg = Release|Any CPU
		{0DF9CF2C-0844-45EA-9146-17B8F440EDB2}.Release|Any CPU.Build.0 = Release|Any CPU
		{96D428EF-CF1D-4B7F-911D-3E81142B08A1}.Debug|Any CPU.ActiveCfg = Debug|Any CPU
		{96D428EF-CF1D-4B7F-911D-3E81142B08A1}.Debug|Any CPU.Build.0 = Debug|Any CPU
		{96D428EF-CF1D-4B7F-911D-3E81142B08A1}.Release|Any CPU.ActiveCfg = Release|Any CPU
		{96D428EF-CF1D-4B7F-911D-3E81142B08A1}.Release|Any CPU.Build.0 = Release|Any CPU
	EndGlobalSection
	GlobalSection(SolutionProperties) = preSolution
		HideSolutionNode = FALSE
	EndGlobalSection
	GlobalSection(NestedProjects) = preSolution
		{0ABF12B1-EF2C-4DE9-8BB3-FD9A257822EC} = {51511062-96AA-4B05-A054-BBCE0FF86D74}
	EndGlobalSection
	GlobalSection(ExtensibilityGlobals) = postSolution
		SolutionGuid = {781D33E4-D617-40EC-B6E3-EEBEADB3640D}
	EndGlobalSection
EndGlobal
