
Microsoft Visual Studio Solution File, Format Version 12.00
# Visual Studio Version 17
VisualStudioVersion = 17.8.34309.116
MinimumVisualStudioVersion = 10.0.40219.1
Project("{9A19103F-16F7-4668-BE54-9A1E7A4F7556}") = "MVCExamples_GuessNumber", "MVCExamples_GuessNumber\MVCExamples_GuessNumber.csproj", "{C2C8C2C3-4C9E-4D3B-A2CF-F58C3E510A47}"
EndProject
Project("{9A19103F-16F7-4668-BE54-9A1E7A4F7556}") = "MVC_Session11", "MVC_Session11\MVC_Session11.csproj", "{531BD616-50AD-429F-8481-85C2079CE467}"
EndProject
Global
	GlobalSection(SolutionConfigurationPlatforms) = preSolution
		Debug|Any CPU = Debug|Any CPU
		Release|Any CPU = Release|Any CPU
	EndGlobalSection
	GlobalSection(ProjectConfigurationPlatforms) = postSolution
		{C2C8C2C3-4C9E-4D3B-A2CF-F58C3E510A47}.Debug|Any CPU.ActiveCfg = Debug|Any CPU
		{C2C8C2C3-4C9E-4D3B-A2CF-F58C3E510A47}.Debug|Any CPU.Build.0 = Debug|Any CPU
		{C2C8C2C3-4C9E-4D3B-A2CF-F58C3E510A47}.Release|Any CPU.ActiveCfg = Release|Any CPU
		{C2C8C2C3-4C9E-4D3B-A2CF-F58C3E510A47}.Release|Any CPU.Build.0 = Release|Any CPU
		{531BD616-50AD-429F-8481-85C2079CE467}.Debug|Any CPU.ActiveCfg = Debug|Any CPU
		{531BD616-50AD-429F-8481-85C2079CE467}.Debug|Any CPU.Build.0 = Debug|Any CPU
		{531BD616-50AD-429F-8481-85C2079CE467}.Release|Any CPU.ActiveCfg = Release|Any CPU
		{531BD616-50AD-429F-8481-85C2079CE467}.Release|Any CPU.Build.0 = Release|Any CPU
	EndGlobalSection
	GlobalSection(SolutionProperties) = preSolution
		HideSolutionNode = FALSE
	EndGlobalSection
	GlobalSection(ExtensibilityGlobals) = postSolution
		SolutionGuid = {98FB123E-573A-49F5-8E54-F10CB2EF865D}
	EndGlobalSection
EndGlobal
