
Microsoft Visual Studio Solution File, Format Version 12.00
# Visual Studio Version 17
VisualStudioVersion = 17.8.34309.116
MinimumVisualStudioVersion = 10.0.40219.1
Project("{FAE04EC0-301F-11D3-BF4B-00C04F79EFBC}") = "Binary_Beasts_Tools", "Common\Binary_Beasts_Tools\Binary_Beasts_Tools.csproj", "{0B9955AE-9374-4778-93D8-77DEE9B8391C}"
EndProject
Global
	GlobalSection(SolutionConfigurationPlatforms) = preSolution
		Debug|Any CPU = Debug|Any CPU
		Release|Any CPU = Release|Any CPU
	EndGlobalSection
	GlobalSection(ProjectConfigurationPlatforms) = postSolution
		{0B9955AE-9374-4778-93D8-77DEE9B8391C}.Debug|Any CPU.ActiveCfg = Debug|Any CPU
		{0B9955AE-9374-4778-93D8-77DEE9B8391C}.Debug|Any CPU.Build.0 = Debug|Any CPU
		{0B9955AE-9374-4778-93D8-77DEE9B8391C}.Release|Any CPU.ActiveCfg = Release|Any CPU
		{0B9955AE-9374-4778-93D8-77DEE9B8391C}.Release|Any CPU.Build.0 = Release|Any CPU
	EndGlobalSection
	GlobalSection(SolutionProperties) = preSolution
		HideSolutionNode = FALSE
	EndGlobalSection
	GlobalSection(ExtensibilityGlobals) = postSolution
		SolutionGuid = {B7412CCD-61E2-4F21-9EE4-32579BA5F45A}
	EndGlobalSection
EndGlobal
